github.com/dreego-stack/dreego v0.7.0 h1:ttA28rH44VWeyGU2hM34Eqjdtw3RM3KcA9OXu108HYc=
github.com/dreego-stack/dreego v0.7.0/go.mod h1:SAskZYySeLEIS1IuzTrAMmsKPi1hiQIzhBY812RVcVU=
github.com/dreego-stack/plugin-example v0.0.3 h1:/2RdQmMG76j1QjzDSEgprii4LY9HF6Gm4h7YlvGlKt0=
github.com/dreego-stack/plugin-example v0.0.3/go.mod h1:PHnqHjH51OSxPLrt5dNmB26NkMjJhLVd56XGg1AnUO4=
github.com/dreego-stack/plugin-sse v0.0.3 h1:uoL+zjQO+CTn4pAFDOTZ82i9LJdX7RZFAZ1VH7NRHRQ=
github.com/dreego-stack/plugin-sse v0.0.3/go.mod h1:z9V9UFLhNha6OCR4soQrF0XOYfxzSgcVGHA5e2ELRn8=
github.com/dreego-stack/plugin-tailwind v0.0.2 h1:YpSf+kbCrPSBjjZv3P6JmRxuniTOntawdUaRZWwljHM=
github.com/dreego-stack/plugin-tailwind v0.0.2/go.mod h1:c5I9TDkbmMgHs8bMXt80FsoOQRqDI2kaW4wrHa3YDbc=
github.com/dreego-stack/plugin-websocket v0.0.2 h1:Q1zTFqlTRcHKOXGjOFnLLGtIvZmYJUGLzafEqLieAfQ=
github.com/dreego-stack/plugin-websocket v0.0.2/go.mod h1:vynNt64CmM0bCizUR7+giugCLzd57SKkKiLZz9OPtdU=
golang.org/x/text v0.22.0 h1:bofq7m3/HAFvbF51jz3Q9wLg3jkvSPuiZu/pD1XwgtM=
golang.org/x/text v0.22.0/go.mod h1:YRoo4H8PVmsu+E3Ou7cqLVH8oXWIHVoX0jqUWALQhfY=
